{
  "name": "mixnuts",
  "lockfileVersion": 2,
  "requires": true,
  "packages": {
    "": {
      "dependencies": {
        "buffer-replace": "^1.0.0"
      }
    },
    "node_modules/buffer-replace": {
      "version": "1.0.0",
      "resolved": "https://registry.npmjs.org/buffer-replace/-/buffer-replace-1.0.0.tgz",
      "integrity": "sha512-MQpm4Gc6SyQ3DewQ8ATrP82r5TxBut6KAQzbCFL8kofGiauJMPIPzdlRr33IAJhw8cvopOk3UDA4D93NTeieig=="
    }
  },
  "dependencies": {
    "buffer-replace": {
      "version": "1.0.0",
      "resolved": "https://registry.npmjs.org/buffer-replace/-/buffer-replace-1.0.0.tgz",
      "integrity": "sha512-MQpm4Gc6SyQ3DewQ8ATrP82r5TxBut6KAQzbCFL8kofGiauJMPIPzdlRr33IAJhw8cvopOk3UDA4D93NTeieig=="
    }
  }
}
